
Microsoft Visual Studio Solution File, Format Version 12.00
# Visual Studio Version 17
VisualStudioVersion = 17.6.33815.320
MinimumVisualStudioVersion = 10.0.40219.1
Project("{9A19103F-16F7-4668-BE54-9A1E7A4F7556}") = "MiniChat.Web", "MiniChat.Web\MiniChat.Web.csproj", "{CFAA0FD3-F89A-4E86-A4E9-8CD8FDFC6249}"
EndProject
Project("{9A19103F-16F7-4668-BE54-9A1E7A4F7556}") = "MiniChat.Database", "MiniChat.Database\MiniChat.Database.csproj", "{5F0F37A8-B5DB-4D6E-9D10-38E06EBE351F}"
EndProject
Project("{FAE04EC0-301F-11D3-BF4B-00C04F79EFBC}") = "MiniChat.Models", "MiniChat.Models\MiniChat.Models.csproj", "{4531444A-4654-4D07-B01E-A0195C085042}"
EndProject
Project("{FAE04EC0-301F-11D3-BF4B-00C04F79EFBC}") = "MiniChat.Service", "MiniChat.Services\MiniChat.Service.csproj", "{54F2F376-8459-42D6-A903-9FD63ACB733F}"
EndProject
Global
	GlobalSection(SolutionConfigurationPlatforms) = preSolution
		Debug|Any CPU = Debug|Any CPU
		Release|Any CPU = Release|Any CPU
	EndGlobalSection
	GlobalSection(ProjectConfigurationPlatforms) = postSolution
		{CFAA0FD3-F89A-4E86-A4E9-8CD8FDFC6249}.Debug|Any CPU.ActiveCfg = Debug|Any CPU
		{CFAA0FD3-F89A-4E86-A4E9-8CD8FDFC6249}.Debug|Any CPU.Build.0 = Debug|Any CPU
		{CFAA0FD3-F89A-4E86-A4E9-8CD8FDFC6249}.Release|Any CPU.ActiveCfg = Release|Any CPU
		{CFAA0FD3-F89A-4E86-A4E9-8CD8FDFC6249}.Release|Any CPU.Build.0 = Release|Any CPU
		{5F0F37A8-B5DB-4D6E-9D10-38E06EBE351F}.Debug|Any CPU.ActiveCfg = Debug|Any CPU
		{5F0F37A8-B5DB-4D6E-9D10-38E06EBE351F}.Debug|Any CPU.Build.0 = Debug|Any CPU
		{5F0F37A8-B5DB-4D6E-9D10-38E06EBE351F}.Release|Any CPU.ActiveCfg = Release|Any CPU
		{5F0F37A8-B5DB-4D6E-9D10-38E06EBE351F}.Release|Any CPU.Build.0 = Release|Any CPU
		{4531444A-4654-4D07-B01E-A0195C085042}.Debug|Any CPU.ActiveCfg = Debug|Any CPU
		{4531444A-4654-4D07-B01E-A0195C085042}.Debug|Any CPU.Build.0 = Debug|Any CPU
		{4531444A-4654-4D07-B01E-A0195C085042}.Release|Any CPU.ActiveCfg = Release|Any CPU
		{4531444A-4654-4D07-B01E-A0195C085042}.Release|Any CPU.Build.0 = Release|Any CPU
		{54F2F376-8459-42D6-A903-9FD63ACB733F}.Debug|Any CPU.ActiveCfg = Debug|Any CPU
		{54F2F376-8459-42D6-A903-9FD63ACB733F}.Debug|Any CPU.Build.0 = Debug|Any CPU
		{54F2F376-8459-42D6-A903-9FD63ACB733F}.Release|Any CPU.ActiveCfg = Release|Any CPU
		{54F2F376-8459-42D6-A903-9FD63ACB733F}.Release|Any CPU.Build.0 = Release|Any CPU
	EndGlobalSection
	GlobalSection(SolutionProperties) = preSolution
		HideSolutionNode = FALSE
	EndGlobalSection
	GlobalSection(ExtensibilityGlobals) = postSolution
		SolutionGuid = {76491E47-D53E-4122-BAA4-03EB7CD54BCA}
	EndGlobalSection
EndGlobal
